
Microsoft Visual Studio Solution File, Format Version 12.00
# Visual Studio Version 16
VisualStudioVersion = 16.0.30011.22
MinimumVisualStudioVersion = 10.0.40219.1
Project("{9A19103F-16F7-4668-BE54-9A1E7A4F7556}") = "SOLID-Principles.SingleResponsibility", "SOLID-Principles.SingleResponsibility\SOLID-Principles.SingleResponsibility.csproj", "{DAEF81DB-2869-4FA2-AAAE-694C363DDB30}"
EndProject
Project("{9A19103F-16F7-4668-BE54-9A1E7A4F7556}") = "SOLID-Principles.OpenClosed", "SOLID-Principles.OpenClosed\SOLID-Principles.OpenClosed.csproj", "{F5C16686-C150-4D2F-8515-3B69111C8A1A}"
EndProject
Project("{9A19103F-16F7-4668-BE54-9A1E7A4F7556}") = "SOLID-Principles.LiskovSubstitution", "SOLID-Principles.LiskovSubstitution\SOLID-Principles.LiskovSubstitution.csproj", "{E786081B-04FD-40A1-938C-8CC5ED4ADE91}"
EndProject
Project("{FAE04EC0-301F-11D3-BF4B-00C04F79EFBC}") = "SOLID-Principles.InterfaceSegregation", "SOLID-Principles.InterfaceSegregation\SOLID-Principles.InterfaceSegregation.csproj", "{631D8210-BBF8-40B6-B0FA-75F9EC7531AE}"
EndProject
Global
	GlobalSection(SolutionConfigurationPlatforms) = preSolution
		Debug|Any CPU = Debug|Any CPU
		Release|Any CPU = Release|Any CPU
	EndGlobalSection
	GlobalSection(ProjectConfigurationPlatforms) = postSolution
		{DAEF81DB-2869-4FA2-AAAE-694C363DDB30}.Debug|Any CPU.ActiveCfg = Debug|Any CPU
		{DAEF81DB-2869-4FA2-AAAE-694C363DDB30}.Debug|Any CPU.Build.0 = Debug|Any CPU
		{DAEF81DB-2869-4FA2-AAAE-694C363DDB30}.Release|Any CPU.ActiveCfg = Release|Any CPU
		{DAEF81DB-2869-4FA2-AAAE-694C363DDB30}.Release|Any CPU.Build.0 = Release|Any CPU
		{F5C16686-C150-4D2F-8515-3B69111C8A1A}.Debug|Any CPU.ActiveCfg = Debug|Any CPU
		{F5C16686-C150-4D2F-8515-3B69111C8A1A}.Debug|Any CPU.Build.0 = Debug|Any CPU
		{F5C16686-C150-4D2F-8515-3B69111C8A1A}.Release|Any CPU.ActiveCfg = Release|Any CPU
		{F5C16686-C150-4D2F-8515-3B69111C8A1A}.Release|Any CPU.Build.0 = Release|Any CPU
		{E786081B-04FD-40A1-938C-8CC5ED4ADE91}.Debug|Any CPU.ActiveCfg = Debug|Any CPU
		{E786081B-04FD-40A1-938C-8CC5ED4ADE91}.Debug|Any CPU.Build.0 = Debug|Any CPU
		{E786081B-04FD-40A1-938C-8CC5ED4ADE91}.Release|Any CPU.ActiveCfg = Release|Any CPU
		{E786081B-04FD-40A1-938C-8CC5ED4ADE91}.Release|Any CPU.Build.0 = Release|Any CPU
		{631D8210-BBF8-40B6-B0FA-75F9EC7531AE}.Debug|Any CPU.ActiveCfg = Debug|Any CPU
		{631D8210-BBF8-40B6-B0FA-75F9EC7531AE}.Debug|Any CPU.Build.0 = Debug|Any CPU
		{631D8210-BBF8-40B6-B0FA-75F9EC7531AE}.Release|Any CPU.ActiveCfg = Release|Any CPU
		{631D8210-BBF8-40B6-B0FA-75F9EC7531AE}.Release|Any CPU.Build.0 = Release|Any CPU
	EndGlobalSection
	GlobalSection(SolutionProperties) = preSolution
		HideSolutionNode = FALSE
	EndGlobalSection
	GlobalSection(ExtensibilityGlobals) = postSolution
		SolutionGuid = {FC51842E-7E20-4A9D-8D85-2385180DCFFC}
	EndGlobalSection
EndGlobal
